
Microsoft Visual Studio Solution File, Format Version 12.00
# Visual Studio Version 16
VisualStudioVersion = 16.0.32929.386
MinimumVisualStudioVersion = 10.0.40219.1
Project("{FAE04EC0-301F-11D3-BF4B-00C04F79EFBC}") = "restAPI", "restAPI\restAPI.csproj", "{2CF99EB3-829F-43C5-B52B-2551E8D632CA}"
EndProject
Global
	GlobalSection(SolutionConfigurationPlatforms) = preSolution
		Debug|Any CPU = Debug|Any CPU
		Release|Any CPU = Release|Any CPU
	EndGlobalSection
	GlobalSection(ProjectConfigurationPlatforms) = postSolution
		{2CF99EB3-829F-43C5-B52B-2551E8D632CA}.Debug|Any CPU.ActiveCfg = Debug|Any CPU
		{2CF99EB3-829F-43C5-B52B-2551E8D632CA}.Debug|Any CPU.Build.0 = Debug|Any CPU
		{2CF99EB3-829F-43C5-B52B-2551E8D632CA}.Release|Any CPU.ActiveCfg = Release|Any CPU
		{2CF99EB3-829F-43C5-B52B-2551E8D632CA}.Release|Any CPU.Build.0 = Release|Any CPU
	EndGlobalSection
	GlobalSection(SolutionProperties) = preSolution
		HideSolutionNode = FALSE
	EndGlobalSection
	GlobalSection(ExtensibilityGlobals) = postSolution
		SolutionGuid = {7BE9295A-AA3B-44DA-905C-6F2EB3A66D18}
	EndGlobalSection
EndGlobal
